
Microsoft Visual Studio Solution File, Format Version 12.00
# Visual Studio Version 16
VisualStudioVersion = 16.0.32413.511
MinimumVisualStudioVersion = 10.0.40219.1
Project("{FAE04EC0-301F-11D3-BF4B-00C04F79EFBC}") = "JSFW.Todo", "JSFW.Todo\JSFW.Todo.csproj", "{1A94080E-F441-4016-A87E-7B81404B46CA}"
EndProject
Global
	GlobalSection(SolutionConfigurationPlatforms) = preSolution
		Debug|Any CPU = Debug|Any CPU
		Release|Any CPU = Release|Any CPU
	EndGlobalSection
	GlobalSection(ProjectConfigurationPlatforms) = postSolution
		{1A94080E-F441-4016-A87E-7B81404B46CA}.Debug|Any CPU.ActiveCfg = Debug|Any CPU
		{1A94080E-F441-4016-A87E-7B81404B46CA}.Debug|Any CPU.Build.0 = Debug|Any CPU
		{1A94080E-F441-4016-A87E-7B81404B46CA}.Release|Any CPU.ActiveCfg = Release|Any CPU
		{1A94080E-F441-4016-A87E-7B81404B46CA}.Release|Any CPU.Build.0 = Release|Any CPU
	EndGlobalSection
	GlobalSection(SolutionProperties) = preSolution
		HideSolutionNode = FALSE
	EndGlobalSection
	GlobalSection(ExtensibilityGlobals) = postSolution
		SolutionGuid = {22A1327F-7BD5-41D1-8D36-233927621155}
	EndGlobalSection
EndGlobal
